
Microsoft Visual Studio Solution File, Format Version 12.00
# Visual Studio Version 16
VisualStudioVersion = 16.0.28803.352
MinimumVisualStudioVersion = 10.0.40219.1
Project("{9A19103F-16F7-4668-BE54-9A1E7A4F7556}") = "NumberGuessingGame", "NumberGuessingGame\NumberGuessingGame.csproj", "{2791DF0E-E71C-44CF-B4C0-60C6DABB6C77}"
EndProject
Project("{9A19103F-16F7-4668-BE54-9A1E7A4F7556}") = "LinkedLists", "LinkedLists\LinkedLists.csproj", "{2F236028-B895-454E-8AAF-6AB7709AE82C}"
EndProject
Project("{9A19103F-16F7-4668-BE54-9A1E7A4F7556}") = "MergeSort", "MergeSort\MergeSort.csproj", "{991C9B28-C95F-48E0-96DA-C4C23D40E197}"
EndProject
Project("{9A19103F-16F7-4668-BE54-9A1E7A4F7556}") = "QuickSort", "QuickSort\QuickSort.csproj", "{46E3001C-E1E3-4D5E-B6F1-46C810BA757E}"
EndProject
Project("{9A19103F-16F7-4668-BE54-9A1E7A4F7556}") = "QueueAsLinkedList", "QueueAsLinkedList\QueueAsLinkedList.csproj", "{AC4080CE-D319-477D-8412-4F5A9065B0B3}"
EndProject
Project("{9A19103F-16F7-4668-BE54-9A1E7A4F7556}") = "StackAsArray", "StackAsArray\StackAsArray.csproj", "{1D31B783-6E0E-450A-98B3-CCD369F28CF7}"
EndProject
Project("{9A19103F-16F7-4668-BE54-9A1E7A4F7556}") = "BinarySearchTree", "BinarySearchTree\BinarySearchTree.csproj", "{87CA538B-ED6F-4AA2-A557-AACC8F3CB9EA}"
EndProject
Project("{9A19103F-16F7-4668-BE54-9A1E7A4F7556}") = "DictionaryDemo", "DictionaryDemo\DictionaryDemo.csproj", "{EFD4B21E-2CD5-45BD-9B70-35D8E7D3A011}"
EndProject
Project("{9A19103F-16F7-4668-BE54-9A1E7A4F7556}") = "ReverseArray", "ReverseArray\ReverseArray.csproj", "{3463866A-8110-42A2-84A3-47BBB1FDF1DF}"
EndProject
Project("{9A19103F-16F7-4668-BE54-9A1E7A4F7556}") = "CeasarCipher", "CeasarCipher\CeasarCipher.csproj", "{6E489ABC-BDD1-42F7-B779-52E281ED4CDB}"
EndProject
Project("{9A19103F-16F7-4668-BE54-9A1E7A4F7556}") = "MostFrequentElementInArray", "MostFrequentElementInArray\MostFrequentElementInArray.csproj", "{CCF99097-08E1-43C0-A712-6E5D3DC08275}"
EndProject
Project("{9A19103F-16F7-4668-BE54-9A1E7A4F7556}") = "Hangman", "Hangman\Hangman.csproj", "{ADCEF41B-2238-4413-A8A8-4F8D78A62CE4}"
EndProject
Project("{9A19103F-16F7-4668-BE54-9A1E7A4F7556}") = "MagicEightBall", "MagicEightBall\MagicEightBall.csproj", "{BDE28E00-DB9E-407F-AE58-228015C469A9}"
EndProject
Project("{9A19103F-16F7-4668-BE54-9A1E7A4F7556}") = "SumOfDigits", "SumOfDigits\SumOfDigits.csproj", "{406A5534-6640-4A6E-B931-1126E9EAD197}"
EndProject
Project("{9A19103F-16F7-4668-BE54-9A1E7A4F7556}") = "StringReplaceMethod", "StringReplaceMethod\StringReplaceMethod.csproj", "{94492A6A-7544-46CB-AFE5-372DAE78AE10}"
EndProject
Project("{9A19103F-16F7-4668-BE54-9A1E7A4F7556}") = "StringBuilderDemo", "StringBuilderDemo\StringBuilderDemo.csproj", "{B468A62E-C312-4EA5-ABD2-E44496EFC206}"
EndProject
Project("{9A19103F-16F7-4668-BE54-9A1E7A4F7556}") = "StringSimilarity", "StringSimilarity\StringSimilarity.csproj", "{0B22FDAF-64DA-473F-B9EC-8B8D77341732}"
EndProject
Project("{9A19103F-16F7-4668-BE54-9A1E7A4F7556}") = "RotateArray", "RotateArray\RotateArray.csproj", "{42661483-DB62-4673-86BB-014FD823C7F2}"
EndProject
Project("{9A19103F-16F7-4668-BE54-9A1E7A4F7556}") = "BinarySearchRecursive", "BinarySearchRecursive\BinarySearchRecursive.csproj", "{7A1D5A41-8125-4F87-922E-43B55BAE622A}"
EndProject
Project("{9A19103F-16F7-4668-BE54-9A1E7A4F7556}") = "SearchSortedRotatedArray", "SearchSortedRotatedArray\SearchSortedRotatedArray.csproj", "{649C3ACE-1A2C-42D1-9E5B-0ADF84962F1F}"
EndProject
Project("{9A19103F-16F7-4668-BE54-9A1E7A4F7556}") = "HeapSort", "HeapSort\HeapSort.csproj", "{19E8C08D-E0E4-4B32-87A3-A463A232EC7A}"
EndProject
Project("{9A19103F-16F7-4668-BE54-9A1E7A4F7556}") = "BucketSort", "BucketSort\BucketSort.csproj", "{2B6D684B-E293-4241-AB56-946B1A384533}"
EndProject
Project("{9A19103F-16F7-4668-BE54-9A1E7A4F7556}") = "Decorator", "Decorator\Decorator.csproj", "{F3D11F47-FA28-4C90-A09F-6C80F10CFE60}"
EndProject
Project("{FAE04EC0-301F-11D3-BF4B-00C04F79EFBC}") = "ElectricityBill", "ElectricityBill\ElectricityBill.csproj", "{E8B34911-ACB0-4F8D-A06E-89F9197D75DE}"
EndProject
Project("{FAE04EC0-301F-11D3-BF4B-00C04F79EFBC}") = "PasswordChecker", "PasswordChecker\PasswordChecker.csproj", "{766495B4-325A-466E-87A8-B93D7B649BA8}"
EndProject
Project("{FAE04EC0-301F-11D3-BF4B-00C04F79EFBC}") = "CopyPartOfArray", "CopyPartOfArray\CopyPartOfArray.csproj", "{E11BAD5A-7C1E-4C49-8ED6-F8C86F7833D4}"
EndProject
Project("{FAE04EC0-301F-11D3-BF4B-00C04F79EFBC}") = "PowerOfTwo", "PowerOfTwo\PowerOfTwo.csproj", "{1B496DCD-F9E2-4057-9965-6CB5503A9003}"
EndProject
Project("{FAE04EC0-301F-11D3-BF4B-00C04F79EFBC}") = "SingleException", "SingleException\SingleException.csproj", "{8A33B665-F564-4D06-B577-A73435D5E22A}"
EndProject
Project("{FAE04EC0-301F-11D3-BF4B-00C04F79EFBC}") = "MultipleExceptions", "MultipleExceptions\MultipleExceptions.csproj", "{2DA883D4-61EC-4FB1-804F-416ACAEBB05F}"
EndProject
Project("{FAE04EC0-301F-11D3-BF4B-00C04F79EFBC}") = "ShuffleArray", "ShuffleArray\ShuffleArray.csproj", "{7E4F40FA-2265-43EF-9DAE-E14ACDFDA407}"
EndProject
Project("{FAE04EC0-301F-11D3-BF4B-00C04F79EFBC}") = "LargestContiguousSum", "LargestContiguousSum\LargestContiguousSum.csproj", "{859E6C0D-670A-4908-B218-DAD02F45CA16}"
EndProject
Project("{FAE04EC0-301F-11D3-BF4B-00C04F79EFBC}") = "OddOrEven", "OddOrEven\OddOrEven.csproj", "{196028BD-5F1B-4DC5-87D7-9AAD0B52DE3C}"
EndProject
Project("{FAE04EC0-301F-11D3-BF4B-00C04F79EFBC}") = "MatrixAddition", "MatrixAddition\MatrixAddition.csproj", "{35070637-BD57-4AE4-95F5-8CE6E1E25117}"
EndProject
Project("{FAE04EC0-301F-11D3-BF4B-00C04F79EFBC}") = "StringReader", "StringReader\StringReader.csproj", "{E6A2E275-09D9-4886-9760-60F27685AFBC}"
EndProject
Project("{FAE04EC0-301F-11D3-BF4B-00C04F79EFBC}") = "ReverseWords", "ReverseWords\ReverseWords.csproj", "{FDAF6792-1A3C-4ECE-A14D-2D095711D1A7}"
EndProject
Project("{FAE04EC0-301F-11D3-BF4B-00C04F79EFBC}") = "BranchesAndLoops", "BranchesAndLoops\BranchesAndLoops.csproj", "{AE061616-A165-4F60-BEC9-523BDCA44188}"
EndProject
Project("{FAE04EC0-301F-11D3-BF4B-00C04F79EFBC}") = "GetFileList", "GetFileList\GetFileList.csproj", "{24D6DF42-5DDE-4229-A2B0-2E628783F13A}"
EndProject
Project("{FAE04EC0-301F-11D3-BF4B-00C04F79EFBC}") = "GetFileTime", "GetFileTime\GetFileTime.csproj", "{214BBF65-7D4B-4701-AD6C-47B42ACF083A}"
EndProject
Project("{FAE04EC0-301F-11D3-BF4B-00C04F79EFBC}") = "BigEndianToLittleEndian", "BigEndianToLittleEndian\BigEndianToLittleEndian.csproj", "{4E38F4AD-858F-43CC-B4AA-B2EE95DF4AF7}"
EndProject
Project("{FAE04EC0-301F-11D3-BF4B-00C04F79EFBC}") = "CalculateAcceleration", "CalculateAcceleration\CalculateAcceleration.csproj", "{E89188A7-0201-41F4-89B1-D128B1F93254}"
EndProject
Project("{FAE04EC0-301F-11D3-BF4B-00C04F79EFBC}") = "FahrenheitToCelsius", "FahrenheitToCelsius\FahrenheitToCelsius.csproj", "{42746C30-80C9-435B-BE28-DE5D781D1EC2}"
EndProject
Project("{FAE04EC0-301F-11D3-BF4B-00C04F79EFBC}") = "DaysToWeeks", "DaysToWeeks\DaysToWeeks.csproj", "{AEF4F81D-DB96-4866-99C6-C562FE4730CD}"
EndProject
Project("{FAE04EC0-301F-11D3-BF4B-00C04F79EFBC}") = "DecimalToBinary", "DecimalToBinary\DecimalToBinary.csproj", "{8FC97C6D-F438-4A43-BE2A-F91D363082CD}"
EndProject
Project("{FAE04EC0-301F-11D3-BF4B-00C04F79EFBC}") = "CalculateAreaOfCircle", "CalculateAreaOfCircle\CalculateAreaOfCircle.csproj", "{EDE3A485-0CE6-4B23-B9A1-77582DC2B937}"
EndProject
Project("{FAE04EC0-301F-11D3-BF4B-00C04F79EFBC}") = "HashtablePhonebook", "HashtablePhonebook\HashtablePhonebook.csproj", "{1FAC5376-61ED-478D-ACC7-297127369853}"
EndProject
Project("{FAE04EC0-301F-11D3-BF4B-00C04F79EFBC}") = "EightQueensProblem", "EightQueensProblem\EightQueensProblem.csproj", "{AD2BA236-4C78-4249-A7E0-88211FD490FE}"
EndProject
Project("{FAE04EC0-301F-11D3-BF4B-00C04F79EFBC}") = "PrimeNumber", "PrimeNumber\PrimeNumber.csproj", "{AB26B831-08C6-445D-885C-DE7259CE80EE}"
EndProject
Project("{FAE04EC0-301F-11D3-BF4B-00C04F79EFBC}") = "CountLettersDigitsSpecial", "CountLettersDigitsSpecial\CountLettersDigitsSpecial.csproj", "{B0F798FE-84B2-4D6D-A2D0-9D3234834049}"
EndProject
Project("{FAE04EC0-301F-11D3-BF4B-00C04F79EFBC}") = "WriteArrayToFile", "WriteArrayToFile\WriteArrayToFile.csproj", "{2C448A42-9AAE-4DA5-8F02-756D06E428CC}"
EndProject
Project("{FAE04EC0-301F-11D3-BF4B-00C04F79EFBC}") = "Params", "Params\Params.csproj", "{537AD43F-4DE5-449E-9169-4538442E4CFC}"
EndProject
Global
	GlobalSection(SolutionConfigurationPlatforms) = preSolution
		Debug|Any CPU = Debug|Any CPU
		Release|Any CPU = Release|Any CPU
	EndGlobalSection
	GlobalSection(ProjectConfigurationPlatforms) = postSolution
		{2791DF0E-E71C-44CF-B4C0-60C6DABB6C77}.Debug|Any CPU.ActiveCfg = Debug|Any CPU
		{2791DF0E-E71C-44CF-B4C0-60C6DABB6C77}.Debug|Any CPU.Build.0 = Debug|Any CPU
		{2791DF0E-E71C-44CF-B4C0-60C6DABB6C77}.Release|Any CPU.ActiveCfg = Release|Any CPU
		{2791DF0E-E71C-44CF-B4C0-60C6DABB6C77}.Release|Any CPU.Build.0 = Release|Any CPU
		{2F236028-B895-454E-8AAF-6AB7709AE82C}.Debug|Any CPU.ActiveCfg = Debug|Any CPU
		{2F236028-B895-454E-8AAF-6AB7709AE82C}.Debug|Any CPU.Build.0 = Debug|Any CPU
		{2F236028-B895-454E-8AAF-6AB7709AE82C}.Release|Any CPU.ActiveCfg = Release|Any CPU
		{2F236028-B895-454E-8AAF-6AB7709AE82C}.Release|Any CPU.Build.0 = Release|Any CPU
		{991C9B28-C95F-48E0-96DA-C4C23D40E197}.Debug|Any CPU.ActiveCfg = Debug|Any CPU
		{991C9B28-C95F-48E0-96DA-C4C23D40E197}.Debug|Any CPU.Build.0 = Debug|Any CPU
		{991C9B28-C95F-48E0-96DA-C4C23D40E197}.Release|Any CPU.ActiveCfg = Release|Any CPU
		{991C9B28-C95F-48E0-96DA-C4C23D40E197}.Release|Any CPU.Build.0 = Release|Any CPU
		{46E3001C-E1E3-4D5E-B6F1-46C810BA757E}.Debug|Any CPU.ActiveCfg = Debug|Any CPU
		{46E3001C-E1E3-4D5E-B6F1-46C810BA757E}.Debug|Any CPU.Build.0 = Debug|Any CPU
		{46E3001C-E1E3-4D5E-B6F1-46C810BA757E}.Release|Any CPU.ActiveCfg = Release|Any CPU
		{46E3001C-E1E3-4D5E-B6F1-46C810BA757E}.Release|Any CPU.Build.0 = Release|Any CPU
		{AC4080CE-D319-477D-8412-4F5A9065B0B3}.Debug|Any CPU.ActiveCfg = Debug|Any CPU
		{AC4080CE-D319-477D-8412-4F5A9065B0B3}.Debug|Any CPU.Build.0 = Debug|Any CPU
		{AC4080CE-D319-477D-8412-4F5A9065B0B3}.Release|Any CPU.ActiveCfg = Release|Any CPU
		{AC4080CE-D319-477D-8412-4F5A9065B0B3}.Release|Any CPU.Build.0 = Release|Any CPU
		{1D31B783-6E0E-450A-98B3-CCD369F28CF7}.Debug|Any CPU.ActiveCfg = Debug|Any CPU
		{1D31B783-6E0E-450A-98B3-CCD369F28CF7}.Debug|Any CPU.Build.0 = Debug|Any CPU
		{1D31B783-6E0E-450A-98B3-CCD369F28CF7}.Release|Any CPU.ActiveCfg = Release|Any CPU
		{1D31B783-6E0E-450A-98B3-CCD369F28CF7}.Release|Any CPU.Build.0 = Release|Any CPU
		{87CA538B-ED6F-4AA2-A557-AACC8F3CB9EA}.Debug|Any CPU.ActiveCfg = Debug|Any CPU
		{87CA538B-ED6F-4AA2-A557-AACC8F3CB9EA}.Debug|Any CPU.Build.0 = Debug|Any CPU
		{87CA538B-ED6F-4AA2-A557-AACC8F3CB9EA}.Release|Any CPU.ActiveCfg = Release|Any CPU
		{87CA538B-ED6F-4AA2-A557-AACC8F3CB9EA}.Release|Any CPU.Build.0 = Release|Any CPU
		{EFD4B21E-2CD5-45BD-9B70-35D8E7D3A011}.Debug|Any CPU.ActiveCfg = Debug|Any CPU
		{EFD4B21E-2CD5-45BD-9B70-35D8E7D3A011}.Debug|Any CPU.Build.0 = Debug|Any CPU
		{EFD4B21E-2CD5-45BD-9B70-35D8E7D3A011}.Release|Any CPU.ActiveCfg = Release|Any CPU
		{EFD4B21E-2CD5-45BD-9B70-35D8E7D3A011}.Release|Any CPU.Build.0 = Release|Any CPU
		{3463866A-8110-42A2-84A3-47BBB1FDF1DF}.Debug|Any CPU.ActiveCfg = Debug|Any CPU
		{3463866A-8110-42A2-84A3-47BBB1FDF1DF}.Debug|Any CPU.Build.0 = Debug|Any CPU
		{3463866A-8110-42A2-84A3-47BBB1FDF1DF}.Release|Any CPU.ActiveCfg = Release|Any CPU
		{3463866A-8110-42A2-84A3-47BBB1FDF1DF}.Release|Any CPU.Build.0 = Release|Any CPU
		{6E489ABC-BDD1-42F7-B779-52E281ED4CDB}.Debug|Any CPU.ActiveCfg = Debug|Any CPU
		{6E489ABC-BDD1-42F7-B779-52E281ED4CDB}.Debug|Any CPU.Build.0 = Debug|Any CPU
		{6E489ABC-BDD1-42F7-B779-52E281ED4CDB}.Release|Any CPU.ActiveCfg = Release|Any CPU
		{6E489ABC-BDD1-42F7-B779-52E281ED4CDB}.Release|Any CPU.Build.0 = Release|Any CPU
		{CCF99097-08E1-43C0-A712-6E5D3DC08275}.Debug|Any CPU.ActiveCfg = Debug|Any CPU
		{CCF99097-08E1-43C0-A712-6E5D3DC08275}.Debug|Any CPU.Build.0 = Debug|Any CPU
		{CCF99097-08E1-43C0-A712-6E5D3DC08275}.Release|Any CPU.ActiveCfg = Release|Any CPU
		{CCF99097-08E1-43C0-A712-6E5D3DC08275}.Release|Any CPU.Build.0 = Release|Any CPU
		{ADCEF41B-2238-4413-A8A8-4F8D78A62CE4}.Debug|Any CPU.ActiveCfg = Debug|Any CPU
		{ADCEF41B-2238-4413-A8A8-4F8D78A62CE4}.Debug|Any CPU.Build.0 = Debug|Any CPU
		{ADCEF41B-2238-4413-A8A8-4F8D78A62CE4}.Release|Any CPU.ActiveCfg = Release|Any CPU
		{ADCEF41B-2238-4413-A8A8-4F8D78A62CE4}.Release|Any CPU.Build.0 = Release|Any CPU
		{BDE28E00-DB9E-407F-AE58-228015C469A9}.Debug|Any CPU.ActiveCfg = Debug|Any CPU
		{BDE28E00-DB9E-407F-AE58-228015C469A9}.Debug|Any CPU.Build.0 = Debug|Any CPU
		{BDE28E00-DB9E-407F-AE58-228015C469A9}.Release|Any CPU.ActiveCfg = Release|Any CPU
		{BDE28E00-DB9E-407F-AE58-228015C469A9}.Release|Any CPU.Build.0 = Release|Any CPU
		{406A5534-6640-4A6E-B931-1126E9EAD197}.Debug|Any CPU.ActiveCfg = Debug|Any CPU
		{406A5534-6640-4A6E-B931-1126E9EAD197}.Debug|Any CPU.Build.0 = Debug|Any CPU
		{406A5534-6640-4A6E-B931-1126E9EAD197}.Release|Any CPU.ActiveCfg = Release|Any CPU
		{406A5534-6640-4A6E-B931-1126E9EAD197}.Release|Any CPU.Build.0 = Release|Any CPU
		{94492A6A-7544-46CB-AFE5-372DAE78AE10}.Debug|Any CPU.ActiveCfg = Debug|Any CPU
		{94492A6A-7544-46CB-AFE5-372DAE78AE10}.Debug|Any CPU.Build.0 = Debug|Any CPU
		{94492A6A-7544-46CB-AFE5-372DAE78AE10}.Release|Any CPU.ActiveCfg = Release|Any CPU
		{94492A6A-7544-46CB-AFE5-372DAE78AE10}.Release|Any CPU.Build.0 = Release|Any CPU
		{B468A62E-C312-4EA5-ABD2-E44496EFC206}.Debug|Any CPU.ActiveCfg = Debug|Any CPU
		{B468A62E-C312-4EA5-ABD2-E44496EFC206}.Debug|Any CPU.Build.0 = Debug|Any CPU
		{B468A62E-C312-4EA5-ABD2-E44496EFC206}.Release|Any CPU.ActiveCfg = Release|Any CPU
		{B468A62E-C312-4EA5-ABD2-E44496EFC206}.Release|Any CPU.Build.0 = Release|Any CPU
		{0B22FDAF-64DA-473F-B9EC-8B8D77341732}.Debug|Any CPU.ActiveCfg = Debug|Any CPU
		{0B22FDAF-64DA-473F-B9EC-8B8D77341732}.Debug|Any CPU.Build.0 = Debug|Any CPU
		{0B22FDAF-64DA-473F-B9EC-8B8D77341732}.Release|Any CPU.ActiveCfg = Release|Any CPU
		{0B22FDAF-64DA-473F-B9EC-8B8D77341732}.Release|Any CPU.Build.0 = Release|Any CPU
		{42661483-DB62-4673-86BB-014FD823C7F2}.Debug|Any CPU.ActiveCfg = Debug|Any CPU
		{42661483-DB62-4673-86BB-014FD823C7F2}.Debug|Any CPU.Build.0 = Debug|Any CPU
		{42661483-DB62-4673-86BB-014FD823C7F2}.Release|Any CPU.ActiveCfg = Release|Any CPU
		{42661483-DB62-4673-86BB-014FD823C7F2}.Release|Any CPU.Build.0 = Release|Any CPU
		{7A1D5A41-8125-4F87-922E-43B55BAE622A}.Debug|Any CPU.ActiveCfg = Debug|Any CPU
		{7A1D5A41-8125-4F87-922E-43B55BAE622A}.Debug|Any CPU.Build.0 = Debug|Any CPU
		{7A1D5A41-8125-4F87-922E-43B55BAE622A}.Release|Any CPU.ActiveCfg = Release|Any CPU
		{7A1D5A41-8125-4F87-922E-43B55BAE622A}.Release|Any CPU.Build.0 = Release|Any CPU
		{649C3ACE-1A2C-42D1-9E5B-0ADF84962F1F}.Debug|Any CPU.ActiveCfg = Debug|Any CPU
		{649C3ACE-1A2C-42D1-9E5B-0ADF84962F1F}.Debug|Any CPU.Build.0 = Debug|Any CPU
		{649C3ACE-1A2C-42D1-9E5B-0ADF84962F1F}.Release|Any CPU.ActiveCfg = Release|Any CPU
		{649C3ACE-1A2C-42D1-9E5B-0ADF84962F1F}.Release|Any CPU.Build.0 = Release|Any CPU
		{19E8C08D-E0E4-4B32-87A3-A463A232EC7A}.Debug|Any CPU.ActiveCfg = Debug|Any CPU
		{19E8C08D-E0E4-4B32-87A3-A463A232EC7A}.Debug|Any CPU.Build.0 = Debug|Any CPU
		{19E8C08D-E0E4-4B32-87A3-A463A232EC7A}.Release|Any CPU.ActiveCfg = Release|Any CPU
		{19E8C08D-E0E4-4B32-87A3-A463A232EC7A}.Release|Any CPU.Build.0 = Release|Any CPU
		{2B6D684B-E293-4241-AB56-946B1A384533}.Debug|Any CPU.ActiveCfg = Debug|Any CPU
		{2B6D684B-E293-4241-AB56-946B1A384533}.Debug|Any CPU.Build.0 = Debug|Any CPU
		{2B6D684B-E293-4241-AB56-946B1A384533}.Release|Any CPU.ActiveCfg = Release|Any CPU
		{2B6D684B-E293-4241-AB56-946B1A384533}.Release|Any CPU.Build.0 = Release|Any CPU
		{F3D11F47-FA28-4C90-A09F-6C80F10CFE60}.Debug|Any CPU.ActiveCfg = Debug|Any CPU
		{F3D11F47-FA28-4C90-A09F-6C80F10CFE60}.Debug|Any CPU.Build.0 = Debug|Any CPU
		{F3D11F47-FA28-4C90-A09F-6C80F10CFE60}.Release|Any CPU.ActiveCfg = Release|Any CPU
		{F3D11F47-FA28-4C90-A09F-6C80F10CFE60}.Release|Any CPU.Build.0 = Release|Any CPU
		{E8B34911-ACB0-4F8D-A06E-89F9197D75DE}.Debug|Any CPU.ActiveCfg = Debug|Any CPU
		{E8B34911-ACB0-4F8D-A06E-89F9197D75DE}.Debug|Any CPU.Build.0 = Debug|Any CPU
		{E8B34911-ACB0-4F8D-A06E-89F9197D75DE}.Release|Any CPU.ActiveCfg = Release|Any CPU
		{E8B34911-ACB0-4F8D-A06E-89F9197D75DE}.Release|Any CPU.Build.0 = Release|Any CPU
		{766495B4-325A-466E-87A8-B93D7B649BA8}.Debug|Any CPU.ActiveCfg = Debug|Any CPU
		{766495B4-325A-466E-87A8-B93D7B649BA8}.Debug|Any CPU.Build.0 = Debug|Any CPU
		{766495B4-325A-466E-87A8-B93D7B649BA8}.Release|Any CPU.ActiveCfg = Release|Any CPU
		{766495B4-325A-466E-87A8-B93D7B649BA8}.Release|Any CPU.Build.0 = Release|Any CPU
		{E11BAD5A-7C1E-4C49-8ED6-F8C86F7833D4}.Debug|Any CPU.ActiveCfg = Debug|Any CPU
		{E11BAD5A-7C1E-4C49-8ED6-F8C86F7833D4}.Debug|Any CPU.Build.0 = Debug|Any CPU
		{E11BAD5A-7C1E-4C49-8ED6-F8C86F7833D4}.Release|Any CPU.ActiveCfg = Release|Any CPU
		{E11BAD5A-7C1E-4C49-8ED6-F8C86F7833D4}.Release|Any CPU.Build.0 = Release|Any CPU
		{1B496DCD-F9E2-4057-9965-6CB5503A9003}.Debug|Any CPU.ActiveCfg = Debug|Any CPU
		{1B496DCD-F9E2-4057-9965-6CB5503A9003}.Debug|Any CPU.Build.0 = Debug|Any CPU
		{1B496DCD-F9E2-4057-9965-6CB5503A9003}.Release|Any CPU.ActiveCfg = Release|Any CPU
		{1B496DCD-F9E2-4057-9965-6CB5503A9003}.Release|Any CPU.Build.0 = Release|Any CPU
		{8A33B665-F564-4D06-B577-A73435D5E22A}.Debug|Any CPU.ActiveCfg = Debug|Any CPU
		{8A33B665-F564-4D06-B577-A73435D5E22A}.Debug|Any CPU.Build.0 = Debug|Any CPU
		{8A33B665-F564-4D06-B577-A73435D5E22A}.Release|Any CPU.ActiveCfg = Release|Any CPU
		{8A33B665-F564-4D06-B577-A73435D5E22A}.Release|Any CPU.Build.0 = Release|Any CPU
		{2DA883D4-61EC-4FB1-804F-416ACAEBB05F}.Debug|Any CPU.ActiveCfg = Debug|Any CPU
		{2DA883D4-61EC-4FB1-804F-416ACAEBB05F}.Debug|Any CPU.Build.0 = Debug|Any CPU
		{2DA883D4-61EC-4FB1-804F-416ACAEBB05F}.Release|Any CPU.ActiveCfg = Release|Any CPU
		{2DA883D4-61EC-4FB1-804F-416ACAEBB05F}.Release|Any CPU.Build.0 = Release|Any CPU
		{7E4F40FA-2265-43EF-9DAE-E14ACDFDA407}.Debug|Any CPU.ActiveCfg = Debug|Any CPU
		{7E4F40FA-2265-43EF-9DAE-E14ACDFDA407}.Debug|Any CPU.Build.0 = Debug|Any CPU
		{7E4F40FA-2265-43EF-9DAE-E14ACDFDA407}.Release|Any CPU.ActiveCfg = Release|Any CPU
		{7E4F40FA-2265-43EF-9DAE-E14ACDFDA407}.Release|Any CPU.Build.0 = Release|Any CPU
		{859E6C0D-670A-4908-B218-DAD02F45CA16}.Debug|Any CPU.ActiveCfg = Debug|Any CPU
		{859E6C0D-670A-4908-B218-DAD02F45CA16}.Debug|Any CPU.Build.0 = Debug|Any CPU
		{859E6C0D-670A-4908-B218-DAD02F45CA16}.Release|Any CPU.ActiveCfg = Release|Any CPU
		{859E6C0D-670A-4908-B218-DAD02F45CA16}.Release|Any CPU.Build.0 = Release|Any CPU
		{196028BD-5F1B-4DC5-87D7-9AAD0B52DE3C}.Debug|Any CPU.ActiveCfg = Debug|Any CPU
		{196028BD-5F1B-4DC5-87D7-9AAD0B52DE3C}.Debug|Any CPU.Build.0 = Debug|Any CPU
		{196028BD-5F1B-4DC5-87D7-9AAD0B52DE3C}.Release|Any CPU.ActiveCfg = Release|Any CPU
		{196028BD-5F1B-4DC5-87D7-9AAD0B52DE3C}.Release|Any CPU.Build.0 = Release|Any CPU
		{35070637-BD57-4AE4-95F5-8CE6E1E25117}.Debug|Any CPU.ActiveCfg = Debug|Any CPU
		{35070637-BD57-4AE4-95F5-8CE6E1E25117}.Debug|Any CPU.Build.0 = Debug|Any CPU
		{35070637-BD57-4AE4-95F5-8CE6E1E25117}.Release|Any CPU.ActiveCfg = Release|Any CPU
		{35070637-BD57-4AE4-95F5-8CE6E1E25117}.Release|Any CPU.Build.0 = Release|Any CPU
		{E6A2E275-09D9-4886-9760-60F27685AFBC}.Debug|Any CPU.ActiveCfg = Debug|Any CPU
		{E6A2E275-09D9-4886-9760-60F27685AFBC}.Debug|Any CPU.Build.0 = Debug|Any CPU
		{E6A2E275-09D9-4886-9760-60F27685AFBC}.Release|Any CPU.ActiveCfg = Release|Any CPU
		{E6A2E275-09D9-4886-9760-60F27685AFBC}.Release|Any CPU.Build.0 = Release|Any CPU
		{FDAF6792-1A3C-4ECE-A14D-2D095711D1A7}.Debug|Any CPU.ActiveCfg = Debug|Any CPU
		{FDAF6792-1A3C-4ECE-A14D-2D095711D1A7}.Debug|Any CPU.Build.0 = Debug|Any CPU
		{FDAF6792-1A3C-4ECE-A14D-2D095711D1A7}.Release|Any CPU.ActiveCfg = Release|Any CPU
		{FDAF6792-1A3C-4ECE-A14D-2D095711D1A7}.Release|Any CPU.Build.0 = Release|Any CPU
		{AE061616-A165-4F60-BEC9-523BDCA44188}.Debug|Any CPU.ActiveCfg = Debug|Any CPU
		{AE061616-A165-4F60-BEC9-523BDCA44188}.Debug|Any CPU.Build.0 = Debug|Any CPU
		{AE061616-A165-4F60-BEC9-523BDCA44188}.Release|Any CPU.ActiveCfg = Release|Any CPU
		{AE061616-A165-4F60-BEC9-523BDCA44188}.Release|Any CPU.Build.0 = Release|Any CPU
		{24D6DF42-5DDE-4229-A2B0-2E628783F13A}.Debug|Any CPU.ActiveCfg = Debug|Any CPU
		{24D6DF42-5DDE-4229-A2B0-2E628783F13A}.Debug|Any CPU.Build.0 = Debug|Any CPU
		{24D6DF42-5DDE-4229-A2B0-2E628783F13A}.Release|Any CPU.ActiveCfg = Release|Any CPU
		{24D6DF42-5DDE-4229-A2B0-2E628783F13A}.Release|Any CPU.Build.0 = Release|Any CPU
		{214BBF65-7D4B-4701-AD6C-47B42ACF083A}.Debug|Any CPU.ActiveCfg = Debug|Any CPU
		{214BBF65-7D4B-4701-AD6C-47B42ACF083A}.Debug|Any CPU.Build.0 = Debug|Any CPU
		{214BBF65-7D4B-4701-AD6C-47B42ACF083A}.Release|Any CPU.ActiveCfg = Release|Any CPU
		{214BBF65-7D4B-4701-AD6C-47B42ACF083A}.Release|Any CPU.Build.0 = Release|Any CPU
		{4E38F4AD-858F-43CC-B4AA-B2EE95DF4AF7}.Debug|Any CPU.ActiveCfg = Debug|Any CPU
		{4E38F4AD-858F-43CC-B4AA-B2EE95DF4AF7}.Debug|Any CPU.Build.0 = Debug|Any CPU
		{4E38F4AD-858F-43CC-B4AA-B2EE95DF4AF7}.Release|Any CPU.ActiveCfg = Release|Any CPU
		{4E38F4AD-858F-43CC-B4AA-B2EE95DF4AF7}.Release|Any CPU.Build.0 = Release|Any CPU
		{E89188A7-0201-41F4-89B1-D128B1F93254}.Debug|Any CPU.ActiveCfg = Debug|Any CPU
		{E89188A7-0201-41F4-89B1-D128B1F93254}.Debug|Any CPU.Build.0 = Debug|Any CPU
		{E89188A7-0201-41F4-89B1-D128B1F93254}.Release|Any CPU.ActiveCfg = Release|Any CPU
		{E89188A7-0201-41F4-89B1-D128B1F93254}.Release|Any CPU.Build.0 = Release|Any CPU
		{42746C30-80C9-435B-BE28-DE5D781D1EC2}.Debug|Any CPU.ActiveCfg = Debug|Any CPU
		{42746C30-80C9-435B-BE28-DE5D781D1EC2}.Debug|Any CPU.Build.0 = Debug|Any CPU
		{42746C30-80C9-435B-BE28-DE5D781D1EC2}.Release|Any CPU.ActiveCfg = Release|Any CPU
		{42746C30-80C9-435B-BE28-DE5D781D1EC2}.Release|Any CPU.Build.0 = Release|Any CPU
		{AEF4F81D-DB96-4866-99C6-C562FE4730CD}.Debug|Any CPU.ActiveCfg = Debug|Any CPU
		{AEF4F81D-DB96-4866-99C6-C562FE4730CD}.Debug|Any CPU.Build.0 = Debug|Any CPU
		{AEF4F81D-DB96-4866-99C6-C562FE4730CD}.Release|Any CPU.ActiveCfg = Release|Any CPU
		{AEF4F81D-DB96-4866-99C6-C562FE4730CD}.Release|Any CPU.Build.0 = Release|Any CPU
		{8FC97C6D-F438-4A43-BE2A-F91D363082CD}.Debug|Any CPU.ActiveCfg = Debug|Any CPU
		{8FC97C6D-F438-4A43-BE2A-F91D363082CD}.Debug|Any CPU.Build.0 = Debug|Any CPU
		{8FC97C6D-F438-4A43-BE2A-F91D363082CD}.Release|Any CPU.ActiveCfg = Release|Any CPU
		{8FC97C6D-F438-4A43-BE2A-F91D363082CD}.Release|Any CPU.Build.0 = Release|Any CPU
		{EDE3A485-0CE6-4B23-B9A1-77582DC2B937}.Debug|Any CPU.ActiveCfg = Debug|Any CPU
		{EDE3A485-0CE6-4B23-B9A1-77582DC2B937}.Debug|Any CPU.Build.0 = Debug|Any CPU
		{EDE3A485-0CE6-4B23-B9A1-77582DC2B937}.Release|Any CPU.ActiveCfg = Release|Any CPU
		{EDE3A485-0CE6-4B23-B9A1-77582DC2B937}.Release|Any CPU.Build.0 = Release|Any CPU
		{1FAC5376-61ED-478D-ACC7-297127369853}.Debug|Any CPU.ActiveCfg = Debug|Any CPU
		{1FAC5376-61ED-478D-ACC7-297127369853}.Debug|Any CPU.Build.0 = Debug|Any CPU
		{1FAC5376-61ED-478D-ACC7-297127369853}.Release|Any CPU.ActiveCfg = Release|Any CPU
		{1FAC5376-61ED-478D-ACC7-297127369853}.Release|Any CPU.Build.0 = Release|Any CPU
		{AD2BA236-4C78-4249-A7E0-88211FD490FE}.Debug|Any CPU.ActiveCfg = Debug|Any CPU
		{AD2BA236-4C78-4249-A7E0-88211FD490FE}.Debug|Any CPU.Build.0 = Debug|Any CPU
		{AD2BA236-4C78-4249-A7E0-88211FD490FE}.Release|Any CPU.ActiveCfg = Release|Any CPU
		{AD2BA236-4C78-4249-A7E0-88211FD490FE}.Release|Any CPU.Build.0 = Release|Any CPU
		{AB26B831-08C6-445D-885C-DE7259CE80EE}.Debug|Any CPU.ActiveCfg = Debug|Any CPU
		{AB26B831-08C6-445D-885C-DE7259CE80EE}.Debug|Any CPU.Build.0 = Debug|Any CPU
		{AB26B831-08C6-445D-885C-DE7259CE80EE}.Release|Any CPU.ActiveCfg = Release|Any CPU
		{AB26B831-08C6-445D-885C-DE7259CE80EE}.Release|Any CPU.Build.0 = Release|Any CPU
		{B0F798FE-84B2-4D6D-A2D0-9D3234834049}.Debug|Any CPU.ActiveCfg = Debug|Any CPU
		{B0F798FE-84B2-4D6D-A2D0-9D3234834049}.Debug|Any CPU.Build.0 = Debug|Any CPU
		{B0F798FE-84B2-4D6D-A2D0-9D3234834049}.Release|Any CPU.ActiveCfg = Release|Any CPU
		{B0F798FE-84B2-4D6D-A2D0-9D3234834049}.Release|Any CPU.Build.0 = Release|Any CPU
		{2C448A42-9AAE-4DA5-8F02-756D06E428CC}.Debug|Any CPU.ActiveCfg = Debug|Any CPU
		{2C448A42-9AAE-4DA5-8F02-756D06E428CC}.Debug|Any CPU.Build.0 = Debug|Any CPU
		{2C448A42-9AAE-4DA5-8F02-756D06E428CC}.Release|Any CPU.ActiveCfg = Release|Any CPU
		{2C448A42-9AAE-4DA5-8F02-756D06E428CC}.Release|Any CPU.Build.0 = Release|Any CPU
		{537AD43F-4DE5-449E-9169-4538442E4CFC}.Debug|Any CPU.ActiveCfg = Debug|Any CPU
		{537AD43F-4DE5-449E-9169-4538442E4CFC}.Debug|Any CPU.Build.0 = Debug|Any CPU
		{537AD43F-4DE5-449E-9169-4538442E4CFC}.Release|Any CPU.ActiveCfg = Release|Any CPU
		{537AD43F-4DE5-449E-9169-4538442E4CFC}.Release|Any CPU.Build.0 = Release|Any CPU
	EndGlobalSection
	GlobalSection(SolutionProperties) = preSolution
		HideSolutionNode = FALSE
	EndGlobalSection
	GlobalSection(ExtensibilityGlobals) = postSolution
		SolutionGuid = {427262B7-EDA1-4523-91A9-AEF8B7C8475A}
	EndGlobalSection
EndGlobal
